
Microsoft Visual Studio Solution File, Format Version 12.00
# Visual Studio Version 17
VisualStudioVersion = 17.14.36401.2
MinimumVisualStudioVersion = 10.0.40219.1
Project("{FAE04EC0-301F-11D3-BF4B-00C04F79EFBC}") = "CSharpBasics", "CSharpBasics\CSharpBasics.csproj", "{81DC4C7C-79F0-493B-985F-FC866913ED15}"
EndProject
Project("{FAE04EC0-301F-11D3-BF4B-00C04F79EFBC}") = "ObjectOrientedProgramming", "ObjectOrientedProgramming\ObjectOrientedProgramming.csproj", "{FE24C939-BD75-4F28-8BA1-4246445120D9}"
EndProject
Global
	GlobalSection(SolutionConfigurationPlatforms) = preSolution
		Debug|Any CPU = Debug|Any CPU
		Release|Any CPU = Release|Any CPU
	EndGlobalSection
	GlobalSection(ProjectConfigurationPlatforms) = postSolution
		{81DC4C7C-79F0-493B-985F-FC866913ED15}.Debug|Any CPU.ActiveCfg = Debug|Any CPU
		{81DC4C7C-79F0-493B-985F-FC866913ED15}.Debug|Any CPU.Build.0 = Debug|Any CPU
		{81DC4C7C-79F0-493B-985F-FC866913ED15}.Release|Any CPU.ActiveCfg = Release|Any CPU
		{81DC4C7C-79F0-493B-985F-FC866913ED15}.Release|Any CPU.Build.0 = Release|Any CPU
		{FE24C939-BD75-4F28-8BA1-4246445120D9}.Debug|Any CPU.ActiveCfg = Debug|Any CPU
		{FE24C939-BD75-4F28-8BA1-4246445120D9}.Debug|Any CPU.Build.0 = Debug|Any CPU
		{FE24C939-BD75-4F28-8BA1-4246445120D9}.Release|Any CPU.ActiveCfg = Release|Any CPU
		{FE24C939-BD75-4F28-8BA1-4246445120D9}.Release|Any CPU.Build.0 = Release|Any CPU
	EndGlobalSection
	GlobalSection(SolutionProperties) = preSolution
		HideSolutionNode = FALSE
	EndGlobalSection
	GlobalSection(ExtensibilityGlobals) = postSolution
		SolutionGuid = {13AF94D0-7E7F-4B9E-8BB2-0F2E2C7C3D68}
	EndGlobalSection
EndGlobal
